
Microsoft Visual Studio Solution File, Format Version 12.00
# Visual Studio Version 17
VisualStudioVersion = 17.0.31903.59
MinimumVisualStudioVersion = 10.0.40219.1
Project("{F2A71F9B-5D33-465A-A702-920D77279786}") = "Transpiler", "Transpiler\Transpiler.fsproj", "{BF23A9A0-367B-453C-B44D-E7BD1D0B0C2A}"
EndProject
Project("{F2A71F9B-5D33-465A-A702-920D77279786}") = "TranspilerTest", "TranspilerTest\TranspilerTest.fsproj", "{1C7629FF-7B6D-49FD-BC0F-4FCA5906CCD3}"
EndProject
Project("{FAE04EC0-301F-11D3-BF4B-00C04F79EFBC}") = "CLI", "CLI\CLI.csproj", "{E22F9847-6779-4440-9387-A1190A13A1C8}"
EndProject
Project("{F2A71F9B-5D33-465A-A702-920D77279786}") = "ClassLibrary1", "ClassLibrary1\ClassLibrary1.fsproj", "{87EE260D-5C08-42B3-9733-A14F9DFB9E42}"
EndProject
Global
	GlobalSection(SolutionConfigurationPlatforms) = preSolution
		Debug|Any CPU = Debug|Any CPU
		Release|Any CPU = Release|Any CPU
	EndGlobalSection
	GlobalSection(SolutionProperties) = preSolution
		HideSolutionNode = FALSE
	EndGlobalSection
	GlobalSection(ProjectConfigurationPlatforms) = postSolution
		{BF23A9A0-367B-453C-B44D-E7BD1D0B0C2A}.Debug|Any CPU.ActiveCfg = Debug|Any CPU
		{BF23A9A0-367B-453C-B44D-E7BD1D0B0C2A}.Debug|Any CPU.Build.0 = Debug|Any CPU
		{BF23A9A0-367B-453C-B44D-E7BD1D0B0C2A}.Release|Any CPU.ActiveCfg = Release|Any CPU
		{BF23A9A0-367B-453C-B44D-E7BD1D0B0C2A}.Release|Any CPU.Build.0 = Release|Any CPU
		{1C7629FF-7B6D-49FD-BC0F-4FCA5906CCD3}.Debug|Any CPU.ActiveCfg = Debug|Any CPU
		{1C7629FF-7B6D-49FD-BC0F-4FCA5906CCD3}.Debug|Any CPU.Build.0 = Debug|Any CPU
		{1C7629FF-7B6D-49FD-BC0F-4FCA5906CCD3}.Release|Any CPU.ActiveCfg = Release|Any CPU
		{1C7629FF-7B6D-49FD-BC0F-4FCA5906CCD3}.Release|Any CPU.Build.0 = Release|Any CPU
		{E22F9847-6779-4440-9387-A1190A13A1C8}.Debug|Any CPU.ActiveCfg = Debug|Any CPU
		{E22F9847-6779-4440-9387-A1190A13A1C8}.Debug|Any CPU.Build.0 = Debug|Any CPU
		{E22F9847-6779-4440-9387-A1190A13A1C8}.Release|Any CPU.ActiveCfg = Release|Any CPU
		{E22F9847-6779-4440-9387-A1190A13A1C8}.Release|Any CPU.Build.0 = Release|Any CPU
		{87EE260D-5C08-42B3-9733-A14F9DFB9E42}.Debug|Any CPU.ActiveCfg = Debug|Any CPU
		{87EE260D-5C08-42B3-9733-A14F9DFB9E42}.Debug|Any CPU.Build.0 = Debug|Any CPU
		{87EE260D-5C08-42B3-9733-A14F9DFB9E42}.Release|Any CPU.ActiveCfg = Release|Any CPU
		{87EE260D-5C08-42B3-9733-A14F9DFB9E42}.Release|Any CPU.Build.0 = Release|Any CPU
	EndGlobalSection
EndGlobal
